[[package]]
name = "mistool"
version = "1.2.6b0"
description = "Miscellaneous missing tools that can help the py-developper."
category = "main"
optional = false
python-versions = "*"

[[package]]
name = "natsort"
version = "7.1.1"
description = "Simple yet flexible natural sorting in Python."
category = "main"
optional = false
python-versions = ">=3.4"

[package.extras]
fast = ["fastnumbers (>=2.0.0)"]
icu = ["PyICU (>=1.0.0)"]

[metadata]
lock-version = "1.1"
python-versions = "^3.8"
content-hash = "2920944e9340ba3c1e1f723694e447e9cbde9eac23082face9a1b57dbc57222f"

[metadata.files]
mistool = [
    {file = "mistool-1.2.6b0-py3-none-any.whl", hash = "sha256:53fa64ca00fe6b825558066a1753c418b41a4be12f6b73578e4dcbb9f6cd084f"},
    {file = "mistool-1.2.6b0.tar.gz", hash = "sha256:21afd96c7fd34b988078c566e5bc050d3c1cd97cfc4089ddbc0d1e7367dd67c1"},
]
natsort = [
    {file = "natsort-7.1.1-py3-none-any.whl", hash = "sha256:d0f4fc06ca163fa4a5ef638d9bf111c67f65eedcc7920f98dec08e489045b67e"},
    {file = "natsort-7.1.1.tar.gz", hash = "sha256:00c603a42365830c4722a2eb7663a25919551217ec09a243d3399fa8dd4ac403"},
]
