[[package]]
name = "mistool"
version = "1.2.6b0"
description = "Miscellaneous missing tools that can help the py-developper."
category = "main"
optional = false
python-versions = "*"

[[package]]
name = "natsort"
version = "7.1.1"
description = "Simple yet flexible natural sorting in Python."
category = "main"
optional = false
python-versions = ">=3.4"

[package.extras]
fast = ["fastnumbers (>=2.0.0)"]
icu = ["PyICU (>=1.0.0)"]

[[package]]
name = "spkpb"
version = "0.0.10b0"
description = "A module to write programs which have to be verbose about a process on files and directories, and that have to emit informations, warnings and errors."
category = "main"
optional = false
python-versions = ">=3.8,<4.0"

[package.dependencies]
mistool = ">=1.2.6-beta.0,<2.0.0"
natsort = ">=7.1.1,<8.0.0"

[metadata]
lock-version = "1.1"
python-versions = "^3.8"
content-hash = "afd954999eb044922ba56c1af211588555b5d1bbcf17824eda5411c72269a30a"

[metadata.files]
mistool = [
    {file = "mistool-1.2.6b0-py3-none-any.whl", hash = "sha256:53fa64ca00fe6b825558066a1753c418b41a4be12f6b73578e4dcbb9f6cd084f"},
    {file = "mistool-1.2.6b0.tar.gz", hash = "sha256:21afd96c7fd34b988078c566e5bc050d3c1cd97cfc4089ddbc0d1e7367dd67c1"},
]
natsort = [
    {file = "natsort-7.1.1-py3-none-any.whl", hash = "sha256:d0f4fc06ca163fa4a5ef638d9bf111c67f65eedcc7920f98dec08e489045b67e"},
    {file = "natsort-7.1.1.tar.gz", hash = "sha256:00c603a42365830c4722a2eb7663a25919551217ec09a243d3399fa8dd4ac403"},
]
spkpb = [
    {file = "spkpb-0.0.10b0-py3-none-any.whl", hash = "sha256:7917609c5531275f5c71f50ead60172e11646a859c2d26bd0c6311512e8b4f19"},
    {file = "spkpb-0.0.10b0.tar.gz", hash = "sha256:952e1950dfe760531ea1319a8aef3dedc360ac8e57a0adb5c61bad4c58f41e95"},
]
